<?xml version="1.0" encoding="utf-8"?>
<Project ToolsVersion="4.0" xmlns="http://schemas.microsoft.com/developer/msbuild/2003">
  <ItemGroup>
    <Filter Include="Source Files">
      <UniqueIdentifier>{4FC737F1-C7A5-4376-A066-2A32D752A2FF}</UniqueIdentifier>
      <Extensions>cpp;c;cc;cxx;def;odl;idl;hpj;bat;asm;asmx</Extensions>
    </Filter>
    <Filter Include="Header Files">
      <UniqueIdentifier>{93995380-89BD-4b04-88EB-625FBE52EBFB}</UniqueIdentifier>
      <Extensions>h;hh;hpp;hxx;hm;inl;inc;xsd</Extensions>
    </Filter>
    <Filter Include="Resource Files">
      <UniqueIdentifier>{67DA6AB6-F800-4c08-8B7A-83BB121AAD01}</UniqueIdentifier>
      <Extensions>rc;ico;cur;bmp;dlg;rc2;rct;bin;rgs;gif;jpg;jpeg;jpe;resx;tiff;tif;png;wav;mfcribbon-ms</Extensions>
    </Filter>
    <Filter Include="Source Files\activity">
      <UniqueIdentifier>{c22bda82-ba4b-4fed-9146-6fd63732edaa}</UniqueIdentifier>
    </Filter>
    <Filter Include="Header Files\activity">
      <UniqueIdentifier>{91614634-dc67-44ff-b845-12dee8429ba8}</UniqueIdentifier>
    </Filter>
    <Filter Include="Header Files\config">
      <UniqueIdentifier>{f8467b4c-6f9a-461b-ab74-27a381464c45}</UniqueIdentifier>
    </Filter>
    <Filter Include="Source Files\config">
      <UniqueIdentifier>{50f04ef0-4c45-452f-88a2-bc4156ea4a56}</UniqueIdentifier>
    </Filter>
    <Filter Include="Header Files\device">
      <UniqueIdentifier>{c03c5624-7ac0-4e11-a50c-e78a5f6d61e8}</UniqueIdentifier>
    </Filter>
    <Filter Include="Source Files\device">
      <UniqueIdentifier>{3298f27d-25ab-49e6-b215-d85b18af31a5}</UniqueIdentifier>
    </Filter>
    <Filter Include="Header Files\detector">
      <UniqueIdentifier>{13893d7b-58ee-4264-aac5-5942b54ed67f}</UniqueIdentifier>
    </Filter>
    <Filter Include="Source Files\detector">
      <UniqueIdentifier>{fa1e68d7-84cb-49d4-8ab7-71c078dff9e9}</UniqueIdentifier>
    </Filter>
  </ItemGroup>
  <ItemGroup>
    <Text Include="ReadMe.txt" />
  </ItemGroup>
  <ItemGroup>
    <ClInclude Include="include\Marker.h">
      <Filter>Header Files</Filter>
    </ClInclude>
    <ClInclude Include="include\stdafx.h">
      <Filter>Header Files</Filter>
    </ClInclude>
    <ClInclude Include="include\targetver.h">
      <Filter>Header Files</Filter>
    </ClInclude>
    <ClInclude Include="include\DataTypes.h">
      <Filter>Header Files</Filter>
    </ClInclude>
    <ClInclude Include="include\Utils.h">
      <Filter>Header Files</Filter>
    </ClInclude>
    <ClInclude Include="include\activity\RoomActivity.h">
      <Filter>Header Files\activity</Filter>
    </ClInclude>
    <ClInclude Include="include\activity\RoomActivityUserInterface.h">
      <Filter>Header Files\activity</Filter>
    </ClInclude>
    <ClInclude Include="include\objectDetector\ObjectDetector.h">
      <Filter>Header Files\detector</Filter>
    </ClInclude>
    <ClInclude Include="include\deviceWrapper\DeviceWrapper.h">
      <Filter>Header Files\device</Filter>
    </ClInclude>
    <ClInclude Include="include\config\AppConfigParser.h">
      <Filter>Header Files\config</Filter>
    </ClInclude>
    <ClInclude Include="include\config\ConfigParser.h">
      <Filter>Header Files\config</Filter>
    </ClInclude>
    <ClInclude Include="include\config\RoomConfigParser.h">
      <Filter>Header Files\config</Filter>
    </ClInclude>
  </ItemGroup>
  <ItemGroup>
    <ClCompile Include="src\aruco\Marker.cpp">
      <Filter>Source Files</Filter>
    </ClCompile>
    <ClCompile Include="src\rsproject.cpp">
      <Filter>Source Files</Filter>
    </ClCompile>
    <ClCompile Include="src\stdafx.cpp">
      <Filter>Source Files</Filter>
    </ClCompile>
    <ClCompile Include="src\Utils.cpp">
      <Filter>Source Files</Filter>
    </ClCompile>
    <ClCompile Include="src\activity\RoomActivityUserInterface.cpp">
      <Filter>Source Files\activity</Filter>
    </ClCompile>
    <ClCompile Include="src\activity\RoomActivity.cpp">
      <Filter>Source Files\activity</Filter>
    </ClCompile>
    <ClCompile Include="src\config\AppConfigParser.cpp">
      <Filter>Source Files\config</Filter>
    </ClCompile>
    <ClCompile Include="src\config\ConfigParser.cpp">
      <Filter>Source Files\config</Filter>
    </ClCompile>
    <ClCompile Include="src\config\RoomConfigParser.cpp">
      <Filter>Source Files\config</Filter>
    </ClCompile>
    <ClCompile Include="src\sensor\DeviceWrapper.cpp">
      <Filter>Source Files\device</Filter>
    </ClCompile>
    <ClCompile Include="src\object_detection\ObjectDetector.cpp">
      <Filter>Source Files\detector</Filter>
    </ClCompile>
  </ItemGroup>
</Project>